# THIS IS AN AUTOGENERATED FILE. DO NOT EDIT THIS FILE DIRECTLY.
# yarn lockfile v1


"@types/expect@^1.20.1":
  version "1.20.1"
  resolved "https://registry.yarnpkg.com/@types/expect/-/expect-1.20.1.tgz#db794c8a2127e302ed341221a0cba83d51c4e5fc"

"@types/mocha@^2.2.41":
  version "2.2.41"
  resolved "https://registry.yarnpkg.com/@types/mocha/-/mocha-2.2.41.tgz#e27cf0817153eb9f2713b2d3f6c68f1e1c3ca608"

"@types/react-test-renderer@^15.5.0":
  version "15.5.0"
  resolved "https://registry.yarnpkg.com/@types/react-test-renderer/-/react-test-renderer-15.5.0.tgz#2ef6052c483616b36c38b688a95a7f5da06223c3"
  dependencies:
    "@types/react" "*"

"@types/react@*", "@types/react@^15.0.25":
  version "15.0.25"
  resolved "https://registry.yarnpkg.com/@types/react/-/react-15.0.25.tgz#d396949cccc9a90b61755def9781e5aced9b2261"

asap@~2.0.3:
  version "2.0.5"
  resolved "https://registry.yarnpkg.com/asap/-/asap-2.0.5.tgz#522765b50c3510490e52d7dcfe085ef9ba96958f"

core-js@^1.0.0:
  version "1.2.7"
  resolved "https://registry.yarnpkg.com/core-js/-/core-js-1.2.7.tgz#652294c14651db28fa93bd2d5ff2983a4f08c636"

define-properties@^1.1.2, define-properties@~1.1.2:
  version "1.1.2"
  resolved "https://registry.yarnpkg.com/define-properties/-/define-properties-1.1.2.tgz#83a73f2fea569898fb737193c8f873caf6d45c94"
  dependencies:
    foreach "^2.0.5"
    object-keys "^1.0.8"

encoding@^0.1.11:
  version "0.1.12"
  resolved "https://registry.yarnpkg.com/encoding/-/encoding-0.1.12.tgz#538b66f3ee62cd1ab51ec323829d1f9480c74beb"
  dependencies:
    iconv-lite "~0.4.13"

es-abstract@^1.6.1:
  version "1.7.0"
  resolved "https://registry.yarnpkg.com/es-abstract/-/es-abstract-1.7.0.tgz#dfade774e01bfcd97f96180298c449c8623fb94c"
  dependencies:
    es-to-primitive "^1.1.1"
    function-bind "^1.1.0"
    is-callable "^1.1.3"
    is-regex "^1.0.3"

es-to-primitive@^1.1.1:
  version "1.1.1"
  resolved "https://registry.yarnpkg.com/es-to-primitive/-/es-to-primitive-1.1.1.tgz#45355248a88979034b6792e19bb81f2b7975dd0d"
  dependencies:
    is-callable "^1.1.1"
    is-date-object "^1.0.1"
    is-symbol "^1.0.1"

expect@^1.18.0:
  version "1.20.2"
  resolved "https://registry.yarnpkg.com/expect/-/expect-1.20.2.tgz#d458fe4c56004036bae3232416a3f6361f04f965"
  dependencies:
    define-properties "~1.1.2"
    has "^1.0.1"
    is-equal "^1.5.1"
    is-regex "^1.0.3"
    object-inspect "^1.1.0"
    object-keys "^1.0.9"
    tmatch "^2.0.1"

fbjs@^0.8.9:
  version "0.8.12"
  resolved "https://registry.yarnpkg.com/fbjs/-/fbjs-0.8.12.tgz#10b5d92f76d45575fd63a217d4ea02bea2f8ed04"
  dependencies:
    core-js "^1.0.0"
    isomorphic-fetch "^2.1.1"
    loose-envify "^1.0.0"
    object-assign "^4.1.0"
    promise "^7.1.1"
    setimmediate "^1.0.5"
    ua-parser-js "^0.7.9"

foreach@^2.0.5:
  version "2.0.5"
  resolved "https://registry.yarnpkg.com/foreach/-/foreach-2.0.5.tgz#0bee005018aeb260d0a3af3ae658dd0136ec1b99"

function-bind@^1.0.2, function-bind@^1.1.0:
  version "1.1.0"
  resolved "https://registry.yarnpkg.com/function-bind/-/function-bind-1.1.0.tgz#16176714c801798e4e8f2cf7f7529467bb4a5771"

has@^1.0.1:
  version "1.0.1"
  resolved "https://registry.yarnpkg.com/has/-/has-1.0.1.tgz#8461733f538b0837c9361e39a9ab9e9704dc2f28"
  dependencies:
    function-bind "^1.0.2"

iconv-lite@~0.4.13:
  version "0.4.17"
  resolved "https://registry.yarnpkg.com/iconv-lite/-/iconv-lite-0.4.17.tgz#4fdaa3b38acbc2c031b045d0edcdfe1ecab18c8d"

is-arrow-function@^2.0.3:
  version "2.0.3"
  resolved "https://registry.yarnpkg.com/is-arrow-function/-/is-arrow-function-2.0.3.tgz#29be2c2d8d9450852b8bbafb635ba7b8d8e87ec2"
  dependencies:
    is-callable "^1.0.4"

is-boolean-object@^1.0.0:
  version "1.0.0"
  resolved "https://registry.yarnpkg.com/is-boolean-object/-/is-boolean-object-1.0.0.tgz#98f8b28030684219a95f375cfbd88ce3405dff93"

is-callable@^1.0.4, is-callable@^1.1.1, is-callable@^1.1.3:
  version "1.1.3"
  resolved "https://registry.yarnpkg.com/is-callable/-/is-callable-1.1.3.tgz#86eb75392805ddc33af71c92a0eedf74ee7604b2"

is-date-object@^1.0.1:
  version "1.0.1"
  resolved "https://registry.yarnpkg.com/is-date-object/-/is-date-object-1.0.1.tgz#9aa20eb6aeebbff77fbd33e74ca01b33581d3a16"

is-equal@^1.5.1:
  version "1.5.5"
  resolved "https://registry.yarnpkg.com/is-equal/-/is-equal-1.5.5.tgz#5e85f1957e052883247feb386965a3bba15fbb3d"
  dependencies:
    has "^1.0.1"
    is-arrow-function "^2.0.3"
    is-boolean-object "^1.0.0"
    is-callable "^1.1.3"
    is-date-object "^1.0.1"
    is-generator-function "^1.0.6"
    is-number-object "^1.0.3"
    is-regex "^1.0.3"
    is-string "^1.0.4"
    is-symbol "^1.0.1"
    object.entries "^1.0.4"

is-generator-function@^1.0.6:
  version "1.0.6"
  resolved "https://registry.yarnpkg.com/is-generator-function/-/is-generator-function-1.0.6.tgz#9e71653cd15fff341c79c4151460a131d31e9fc4"

is-number-object@^1.0.3:
  version "1.0.3"
  resolved "https://registry.yarnpkg.com/is-number-object/-/is-number-object-1.0.3.tgz#f265ab89a9f445034ef6aff15a8f00b00f551799"

is-regex@^1.0.3:
  version "1.0.4"
  resolved "https://registry.yarnpkg.com/is-regex/-/is-regex-1.0.4.tgz#5517489b547091b0930e095654ced25ee97e9491"
  dependencies:
    has "^1.0.1"

is-stream@^1.0.1:
  version "1.1.0"
  resolved "https://registry.yarnpkg.com/is-stream/-/is-stream-1.1.0.tgz#12d4a3dd4e68e0b79ceb8dbc84173ae80d91ca44"

is-string@^1.0.4:
  version "1.0.4"
  resolved "https://registry.yarnpkg.com/is-string/-/is-string-1.0.4.tgz#cc3a9b69857d621e963725a24caeec873b826e64"

is-symbol@^1.0.1:
  version "1.0.1"
  resolved "https://registry.yarnpkg.com/is-symbol/-/is-symbol-1.0.1.tgz#3cc59f00025194b6ab2e38dbae6689256b660572"

isomorphic-fetch@^2.1.1:
  version "2.2.1"
  resolved "https://registry.yarnpkg.com/isomorphic-fetch/-/isomorphic-fetch-2.2.1.tgz#611ae1acf14f5e81f729507472819fe9733558a9"
  dependencies:
    node-fetch "^1.0.1"
    whatwg-fetch ">=0.10.0"

js-tokens@^3.0.0:
  version "3.0.1"
  resolved "https://registry.yarnpkg.com/js-tokens/-/js-tokens-3.0.1.tgz#08e9f132484a2c45a30907e9dc4d5567b7f114d7"

loose-envify@^1.0.0, loose-envify@^1.1.0, loose-envify@^1.3.1:
  version "1.3.1"
  resolved "https://registry.yarnpkg.com/loose-envify/-/loose-envify-1.3.1.tgz#d1a8ad33fa9ce0e713d65fdd0ac8b748d478c848"
  dependencies:
    js-tokens "^3.0.0"

node-fetch@^1.0.1:
  version "1.7.0"
  resolved "https://registry.yarnpkg.com/node-fetch/-/node-fetch-1.7.0.tgz#3ff6c56544f9b7fb00682338bb55ee6f54a8a0ef"
  dependencies:
    encoding "^0.1.11"
    is-stream "^1.0.1"

object-assign@^4.1.0:
  version "4.1.1"
  resolved "https://registry.yarnpkg.com/object-assign/-/object-assign-4.1.1.tgz#2109adc7965887cfc05cbbd442cac8bfbb360863"

object-inspect@^1.1.0:
  version "1.2.2"
  resolved "https://registry.yarnpkg.com/object-inspect/-/object-inspect-1.2.2.tgz#c82115e4fcc888aea14d64c22e4f17f6a70d5e5a"

object-keys@^1.0.8, object-keys@^1.0.9:
  version "1.0.11"
  resolved "https://registry.yarnpkg.com/object-keys/-/object-keys-1.0.11.tgz#c54601778ad560f1142ce0e01bcca8b56d13426d"

object.entries@^1.0.4:
  version "1.0.4"
  resolved "https://registry.yarnpkg.com/object.entries/-/object.entries-1.0.4.tgz#1bf9a4dd2288f5b33f3a993d257661f05d161a5f"
  dependencies:
    define-properties "^1.1.2"
    es-abstract "^1.6.1"
    function-bind "^1.1.0"
    has "^1.0.1"

promise@^7.1.1:
  version "7.1.1"
  resolved "https://registry.yarnpkg.com/promise/-/promise-7.1.1.tgz#489654c692616b8aa55b0724fa809bb7db49c5bf"
  dependencies:
    asap "~2.0.3"

prop-types@^15.5.7:
  version "15.5.10"
  resolved "https://registry.yarnpkg.com/prop-types/-/prop-types-15.5.10.tgz#2797dfc3126182e3a95e3dfbb2e893ddd7456154"
  dependencies:
    fbjs "^0.8.9"
    loose-envify "^1.3.1"

react-test-renderer@^15.5.4:
  version "15.5.4"
  resolved "https://registry.yarnpkg.com/react-test-renderer/-/react-test-renderer-15.5.4.tgz#d4ebb23f613d685ea8f5390109c2d20fbf7c83bc"
  dependencies:
    fbjs "^0.8.9"
    object-assign "^4.1.0"

react@^15.5.4:
  version "15.5.4"
  resolved "https://registry.yarnpkg.com/react/-/react-15.5.4.tgz#fa83eb01506ab237cdc1c8c3b1cea8de012bf047"
  dependencies:
    fbjs "^0.8.9"
    loose-envify "^1.1.0"
    object-assign "^4.1.0"
    prop-types "^15.5.7"

setimmediate@^1.0.5:
  version "1.0.5"
  resolved "https://registry.yarnpkg.com/setimmediate/-/setimmediate-1.0.5.tgz#290cbb232e306942d7d7ea9b83732ab7856f8285"

tmatch@^2.0.1:
  version "2.0.1"
  resolved "https://registry.yarnpkg.com/tmatch/-/tmatch-2.0.1.tgz#0c56246f33f30da1b8d3d72895abaf16660f38cf"

ua-parser-js@^0.7.9:
  version "0.7.12"
  resolved "https://registry.yarnpkg.com/ua-parser-js/-/ua-parser-js-0.7.12.tgz#04c81a99bdd5dc52263ea29d24c6bf8d4818a4bb"

whatwg-fetch@>=0.10.0:
  version "2.0.3"
  resolved "https://registry.yarnpkg.com/whatwg-fetch/-/whatwg-fetch-2.0.3.tgz#9c84ec2dcf68187ff00bc64e1274b442176e1c84"

"ws-examples-browser-less@file:../browser-less":
  version "1.0.0"

"ws-examples-browser-ts@file:../browser-ts":
  version "1.0.0"
